
Microsoft Visual Studio Solution File, Format Version 12.00
# Visual Studio Version 16
VisualStudioVersion = 16.0.31702.278
MinimumVisualStudioVersion = 10.0.40219.1
Project("{FAE04EC0-301F-11D3-BF4B-00C04F79EFBC}") = "ElevatorManagementSystem", "ElevatorManagementSystem\ElevatorManagementSystem.csproj", "{594F3C08-9238-48FC-87CC-62DF181A1905}"
EndProject
Global
	GlobalSection(SolutionConfigurationPlatforms) = preSolution
		Debug|Any CPU = Debug|Any CPU
		Release|Any CPU = Release|Any CPU
	EndGlobalSection
	GlobalSection(ProjectConfigurationPlatforms) = postSolution
		{594F3C08-9238-48FC-87CC-62DF181A1905}.Debug|Any CPU.ActiveCfg = Debug|Any CPU
		{594F3C08-9238-48FC-87CC-62DF181A1905}.Debug|Any CPU.Build.0 = Debug|Any CPU
		{594F3C08-9238-48FC-87CC-62DF181A1905}.Release|Any CPU.ActiveCfg = Release|Any CPU
		{594F3C08-9238-48FC-87CC-62DF181A1905}.Release|Any CPU.Build.0 = Release|Any CPU
	EndGlobalSection
	GlobalSection(SolutionProperties) = preSolution
		HideSolutionNode = FALSE
	EndGlobalSection
	GlobalSection(ExtensibilityGlobals) = postSolution
		SolutionGuid = {8B56285A-8409-44EA-B322-23F6C4C83498}
	EndGlobalSection
EndGlobal
